
Microsoft Visual Studio Solution File, Format Version 12.00
# Visual Studio 14
VisualStudioVersion = 14.0.23107.0
MinimumVisualStudioVersion = 10.0.40219.1
Project("{FAE04EC0-301F-11D3-BF4B-00C04F79EFBC}") = "ConsoleApplication1", "ConsoleApplication1\ConsoleApplication1.csproj", "{D9EA9B4A-39BB-432F-B1E5-06FCC47E707E}"
EndProject
Project("{FAE04EC0-301F-11D3-BF4B-00C04F79EFBC}") = "lzpl", "lzpl\lzpl.csproj", "{B3E8D8EB-C7C5-408B-8A28-6B140E7E0A57}"
EndProject
Project("{FAE04EC0-301F-11D3-BF4B-00C04F79EFBC}") = "TestClient", "TestClient\TestClient.csproj", "{46FE45D6-D32B-4572-BF2A-06AF9D52F2DE}"
EndProject
Global
	GlobalSection(SolutionConfigurationPlatforms) = preSolution
		Debug|Any CPU = Debug|Any CPU
		Release|Any CPU = Release|Any CPU
	EndGlobalSection
	GlobalSection(ProjectConfigurationPlatforms) = postSolution
		{D9EA9B4A-39BB-432F-B1E5-06FCC47E707E}.Debug|Any CPU.ActiveCfg = Debug|Any CPU
		{D9EA9B4A-39BB-432F-B1E5-06FCC47E707E}.Debug|Any CPU.Build.0 = Debug|Any CPU
		{D9EA9B4A-39BB-432F-B1E5-06FCC47E707E}.Release|Any CPU.ActiveCfg = Release|Any CPU
		{D9EA9B4A-39BB-432F-B1E5-06FCC47E707E}.Release|Any CPU.Build.0 = Release|Any CPU
		{B3E8D8EB-C7C5-408B-8A28-6B140E7E0A57}.Debug|Any CPU.ActiveCfg = Debug|Any CPU
		{B3E8D8EB-C7C5-408B-8A28-6B140E7E0A57}.Debug|Any CPU.Build.0 = Debug|Any CPU
		{B3E8D8EB-C7C5-408B-8A28-6B140E7E0A57}.Release|Any CPU.ActiveCfg = Release|Any CPU
		{B3E8D8EB-C7C5-408B-8A28-6B140E7E0A57}.Release|Any CPU.Build.0 = Release|Any CPU
		{46FE45D6-D32B-4572-BF2A-06AF9D52F2DE}.Debug|Any CPU.ActiveCfg = Debug|Any CPU
		{46FE45D6-D32B-4572-BF2A-06AF9D52F2DE}.Debug|Any CPU.Build.0 = Debug|Any CPU
		{46FE45D6-D32B-4572-BF2A-06AF9D52F2DE}.Release|Any CPU.ActiveCfg = Release|Any CPU
		{46FE45D6-D32B-4572-BF2A-06AF9D52F2DE}.Release|Any CPU.Build.0 = Release|Any CPU
	EndGlobalSection
	GlobalSection(SolutionProperties) = preSolution
		HideSolutionNode = FALSE
	EndGlobalSection
EndGlobal
