<?xml version="1.0" encoding="utf-8"?>
<Project ToolsVersion="4.0" xmlns="http://schemas.microsoft.com/developer/msbuild/2003">
  <ItemGroup>
    <Filter Include="main">
      <UniqueIdentifier>{8f46e160-ef06-4d2a-b314-5ab19fa85165}</UniqueIdentifier>
    </Filter>
    <Filter Include="message">
      <UniqueIdentifier>{d32797dc-44d1-4595-a4f5-04cd8a6c7bbc}</UniqueIdentifier>
    </Filter>
  </ItemGroup>
  <ItemGroup>
    <ClCompile Include="main\guardserver.cpp">
      <Filter>main</Filter>
    </ClCompile>
  </ItemGroup>
  <ItemGroup>
    <ClInclude Include="main\guardserver.h">
      <Filter>main</Filter>
    </ClInclude>
  </ItemGroup>
</Project>